
Microsoft Visual Studio Solution File, Format Version 12.00
# Visual Studio 15
VisualStudioVersion = 15.0.28306.52
MinimumVisualStudioVersion = 10.0.40219.1
Project("{9A19103F-16F7-4668-BE54-9A1E7A4F7556}") = "SilentLux.AutoFixture.Moq.Xunit2", "SilentLux.AutoFixture.Moq.Xunit2\SilentLux.AutoFixture.Moq.Xunit2.csproj", "{5BC48C7C-1D0E-4486-B6D3-24D6AA1028E0}"
EndProject
Project("{9A19103F-16F7-4668-BE54-9A1E7A4F7556}") = "SilentLux.AutoFixture.Moq.Xunit2.Tests", "SilentLux.AutoFixture.Moq.Xunit2.Tests\SilentLux.AutoFixture.Moq.Xunit2.Tests.csproj", "{B16F89A6-3ACD-4EC1-A913-B06CE087B62B}"
EndProject
Global
	GlobalSection(SolutionConfigurationPlatforms) = preSolution
		Debug|Any CPU = Debug|Any CPU
		Release|Any CPU = Release|Any CPU
	EndGlobalSection
	GlobalSection(ProjectConfigurationPlatforms) = postSolution
		{5BC48C7C-1D0E-4486-B6D3-24D6AA1028E0}.Debug|Any CPU.ActiveCfg = Debug|Any CPU
		{5BC48C7C-1D0E-4486-B6D3-24D6AA1028E0}.Debug|Any CPU.Build.0 = Debug|Any CPU
		{5BC48C7C-1D0E-4486-B6D3-24D6AA1028E0}.Release|Any CPU.ActiveCfg = Release|Any CPU
		{5BC48C7C-1D0E-4486-B6D3-24D6AA1028E0}.Release|Any CPU.Build.0 = Release|Any CPU
		{B16F89A6-3ACD-4EC1-A913-B06CE087B62B}.Debug|Any CPU.ActiveCfg = Debug|Any CPU
		{B16F89A6-3ACD-4EC1-A913-B06CE087B62B}.Debug|Any CPU.Build.0 = Debug|Any CPU
		{B16F89A6-3ACD-4EC1-A913-B06CE087B62B}.Release|Any CPU.ActiveCfg = Release|Any CPU
		{B16F89A6-3ACD-4EC1-A913-B06CE087B62B}.Release|Any CPU.Build.0 = Release|Any CPU
	EndGlobalSection
	GlobalSection(SolutionProperties) = preSolution
		HideSolutionNode = FALSE
	EndGlobalSection
	GlobalSection(ExtensibilityGlobals) = postSolution
		SolutionGuid = {B65192DD-F880-4460-910E-BCBCBF5C291D}
	EndGlobalSection
EndGlobal
